{
  "name": "common",
  "version": "1.0.0",
  "lockfileVersion": 3,
  "requires": true,
  "packages": {
    "": {
      "name": "common",
      "version": "1.0.0",
      "devDependencies": {
        "@octokit/webhooks-types": "^7.6.1"
      }
    },
    "node_modules/@octokit/webhooks-types": {
      "version": "7.6.1",
      "resolved": "https://registry.npmjs.org/@octokit/webhooks-types/-/webhooks-types-7.6.1.tgz",
      "integrity": "sha512-S8u2cJzklBC0FgTwWVLaM8tMrDuDMVE4xiTK4EYXM9GntyvrdbSoxqDQa+Fh57CCNApyIpyeqPhhFEmHPfrXgw==",
      "dev": true,
      "license": "MIT"
    }
  }
}
